// !$*UTF8*$!
{
	archiveVersion = 1;
	classes = {
	};
	objectVersion = 50;
	objects = {

/* Begin PBXBuildFile section */
		E94A91AA23106CC900BE978A /* Preferences.swift in Sources */ = {isa = PBXBuildFile; fileRef = E94A91A923106CC900BE978A /* Preferences.swift */; };
		E98D58A82300BB4D003E964A /* WindowController.swift in Sources */ = {isa = PBXBuildFile; fileRef = E98D58A72300BB4D003E964A /* WindowController.swift */; };
		E990B6EB230263440010CF5D /* Highlightr.framework in Frameworks */ = {isa = PBXBuildFile; fileRef = E990B6EA230263440010CF5D /* Highlightr.framework */; };
		E990B6F1230A38930010CF5D /* TextFileModel.swift in Sources */ = {isa = PBXBuildFile; fileRef = E990B6F0230A38930010CF5D /* TextFileModel.swift */; };
		E990B6F3230CC09B0010CF5D /* LanguagesUTI.plist in Resources */ = {isa = PBXBuildFile; fileRef = E990B6F2230CC09B0010CF5D /* LanguagesUTI.plist */; };
		E9D0420D2300A9FE00382715 /* AppDelegate.swift in Sources */ = {isa = PBXBuildFile; fileRef = E9D0420C2300A9FE00382715 /* AppDelegate.swift */; };
		E9D0420F2300A9FE00382715 /* ViewController.swift in Sources */ = {isa = PBXBuildFile; fileRef = E9D0420E2300A9FE00382715 /* ViewController.swift */; };
		E9D042112300A9FE00382715 /* Document.swift in Sources */ = {isa = PBXBuildFile; fileRef = E9D042102300A9FE00382715 /* Document.swift */; };
		E9D042132300A9FE00382715 /* Assets.xcassets in Resources */ = {isa = PBXBuildFile; fileRef = E9D042122300A9FE00382715 /* Assets.xcassets */; };
		E9D042162300A9FE00382715 /* Main.storyboard in Resources */ = {isa = PBXBuildFile; fileRef = E9D042142300A9FE00382715 /* Main.storyboard */; };
		E9F197BF230E1EDD00F81D74 /* PreferencesViewController.swift in Sources */ = {isa = PBXBuildFile; fileRef = E9F197BE230E1EDD00F81D74 /* PreferencesViewController.swift */; };
		E9FC082D230115B800A1EE3D /* AboutViewController.swift in Sources */ = {isa = PBXBuildFile; fileRef = E9FC082C230115B800A1EE3D /* AboutViewController.swift */; };
/* End PBXBuildFile section */

/* Begin PBXFileReference section */
		E94A91A923106CC900BE978A /* Preferences.swift */ = {isa = PBXFileReference; lastKnownFileType = sourcecode.swift; path = Preferences.swift; sourceTree = "<group>"; };
		E98D58A72300BB4D003E964A /* WindowController.swift */ = {isa = PBXFileReference; lastKnownFileType = sourcecode.swift; path = WindowController.swift; sourceTree = "<group>"; };
		E990B6EA230263440010CF5D /* Highlightr.framework */ = {isa = PBXFileReference; lastKnownFileType = wrapper.framework; name = Highlightr.framework; path = Carthage/Build/Mac/Highlightr.framework; sourceTree = SOURCE_ROOT; };
		E990B6F0230A38930010CF5D /* TextFileModel.swift */ = {isa = PBXFileReference; lastKnownFileType = sourcecode.swift; path = TextFileModel.swift; sourceTree = "<group>"; };
		E990B6F2230CC09B0010CF5D /* LanguagesUTI.plist */ = {isa = PBXFileReference; lastKnownFileType = text.plist.xml; path = LanguagesUTI.plist; sourceTree = "<group>"; };
		E9D042092300A9FE00382715 /* Moped.app */ = {isa = PBXFileReference; explicitFileType = wrapper.application; includeInIndex = 0; path = Moped.app; sourceTree = BUILT_PRODUCTS_DIR; };
		E9D0420C2300A9FE00382715 /* AppDelegate.swift */ = {isa = PBXFileReference; lastKnownFileType = sourcecode.swift; path = AppDelegate.swift; sourceTree = "<group>"; };
		E9D0420E2300A9FE00382715 /* ViewController.swift */ = {isa = PBXFileReference; lastKnownFileType = sourcecode.swift; path = ViewController.swift; sourceTree = "<group>"; };
		E9D042102300A9FE00382715 /* Document.swift */ = {isa = PBXFileReference; lastKnownFileType = sourcecode.swift; path = Document.swift; sourceTree = "<group>"; };
		E9D042122300A9FE00382715 /* Assets.xcassets */ = {isa = PBXFileReference; lastKnownFileType = folder.assetcatalog; path = Assets.xcassets; sourceTree = "<group>"; };
		E9D042152300A9FE00382715 /* Base */ = {isa = PBXFileReference; lastKnownFileType = file.storyboard; name = Base; path = Base.lproj/Main.storyboard; sourceTree = "<group>"; };
		E9D042172300A9FE00382715 /* Info.plist */ = {isa = PBXFileReference; lastKnownFileType = text.plist.xml; path = Info.plist; sourceTree = "<group>"; };
		E9D042182300A9FE00382715 /* Moped.entitlements */ = {isa = PBXFileReference; lastKnownFileType = text.plist.entitlements; path = Moped.entitlements; sourceTree = "<group>"; };
		E9F197BE230E1EDD00F81D74 /* PreferencesViewController.swift */ = {isa = PBXFileReference; lastKnownFileType = sourcecode.swift; path = PreferencesViewController.swift; sourceTree = "<group>"; };
		E9FC082C230115B800A1EE3D /* AboutViewController.swift */ = {isa = PBXFileReference; lastKnownFileType = sourcecode.swift; path = AboutViewController.swift; sourceTree = "<group>"; };
/* End PBXFileReference section */

/* Begin PBXFrameworksBuildPhase section */
		E9D042062300A9FE00382715 /* Frameworks */ = {
			isa = PBXFrameworksBuildPhase;
			buildActionMask = 2147483647;
			files = (
				E990B6EB230263440010CF5D /* Highlightr.framework in Frameworks */,
			);
			runOnlyForDeploymentPostprocessing = 0;
		};
/* End PBXFrameworksBuildPhase section */

/* Begin PBXGroup section */
		E9D042002300A9FE00382715 = {
			isa = PBXGroup;
			children = (
				E9D0420B2300A9FE00382715 /* Moped */,
				E9D0420A2300A9FE00382715 /* Products */,
			);
			sourceTree = "<group>";
		};
		E9D0420A2300A9FE00382715 /* Products */ = {
			isa = PBXGroup;
			children = (
				E9D042092300A9FE00382715 /* Moped.app */,
			);
			name = Products;
			sourceTree = "<group>";
		};
		E9D0420B2300A9FE00382715 /* Moped */ = {
			isa = PBXGroup;
			children = (
				E9D0420C2300A9FE00382715 /* AppDelegate.swift */,
				E98D58A72300BB4D003E964A /* WindowController.swift */,
				E9D0420E2300A9FE00382715 /* ViewController.swift */,
				E990B6F0230A38930010CF5D /* TextFileModel.swift */,
				E9D042102300A9FE00382715 /* Document.swift */,
				E9FC082C230115B800A1EE3D /* AboutViewController.swift */,
				E94A91A923106CC900BE978A /* Preferences.swift */,
				E9F197BE230E1EDD00F81D74 /* PreferencesViewController.swift */,
				E9D042122300A9FE00382715 /* Assets.xcassets */,
				E9D042142300A9FE00382715 /* Main.storyboard */,
				E9D042172300A9FE00382715 /* Info.plist */,
				E990B6F2230CC09B0010CF5D /* LanguagesUTI.plist */,
				E9D042182300A9FE00382715 /* Moped.entitlements */,
				E990B6EA230263440010CF5D /* Highlightr.framework */,
			);
			path = Moped;
			sourceTree = "<group>";
		};
/* End PBXGroup section */

/* Begin PBXNativeTarget section */
		E9D042082300A9FE00382715 /* Moped */ = {
			isa = PBXNativeTarget;
			buildConfigurationList = E9D0421B2300A9FE00382715 /* Build configuration list for PBXNativeTarget "Moped" */;
			buildPhases = (
				E9D042052300A9FE00382715 /* Sources */,
				E9D042062300A9FE00382715 /* Frameworks */,
				E9D042072300A9FE00382715 /* Resources */,
				E990B6EC230263880010CF5D /* ShellScript */,
			);
			buildRules = (
			);
			dependencies = (
			);
			name = Moped;
			productName = Moped;
			productReference = E9D042092300A9FE00382715 /* Moped.app */;
			productType = "com.apple.product-type.application";
		};
/* End PBXNativeTarget section */

/* Begin PBXProject section */
		E9D042012300A9FE00382715 /* Project object */ = {
			isa = PBXProject;
			attributes = {
				LastSwiftUpdateCheck = 1030;
				LastUpgradeCheck = 1160;
				ORGANIZATIONNAME = "Roberto Machorro";
				TargetAttributes = {
					E9D042082300A9FE00382715 = {
						CreatedOnToolsVersion = 10.3;
						SystemCapabilities = {
							com.apple.Sandbox = {
								enabled = 1;
							};
						};
					};
				};
			};
			buildConfigurationList = E9D042042300A9FE00382715 /* Build configuration list for PBXProject "Moped" */;
			compatibilityVersion = "Xcode 9.3";
			developmentRegion = en;
			hasScannedForEncodings = 0;
			knownRegions = (
				en,
				Base,
			);
			mainGroup = E9D042002300A9FE00382715;
			productRefGroup = E9D0420A2300A9FE00382715 /* Products */;
			projectDirPath = "";
			projectRoot = "";
			targets = (
				E9D042082300A9FE00382715 /* Moped */,
			);
		};
/* End PBXProject section */

/* Begin PBXResourcesBuildPhase section */
		E9D042072300A9FE00382715 /* Resources */ = {
			isa = PBXResourcesBuildPhase;
			buildActionMask = 2147483647;
			files = (
				E990B6F3230CC09B0010CF5D /* LanguagesUTI.plist in Resources */,
				E9D042132300A9FE00382715 /* Assets.xcassets in Resources */,
				E9D042162300A9FE00382715 /* Main.storyboard in Resources */,
			);
			runOnlyForDeploymentPostprocessing = 0;
		};
/* End PBXResourcesBuildPhase section */

/* Begin PBXShellScriptBuildPhase section */
		E990B6EC230263880010CF5D /* ShellScript */ = {
			isa = PBXShellScriptBuildPhase;
			buildActionMask = 2147483647;
			files = (
			);
			inputFileListPaths = (
			);
			inputPaths = (
				"$(SRCROOT)/Carthage/Build/Mac/Highlightr.framework",
			);
			outputFileListPaths = (
			);
			outputPaths = (
				"$(BUILT_PRODUCTS_DIR)/$(FRAMEWORKS_FOLDER_PATH)/Highlightr.framework",
			);
			runOnlyForDeploymentPostprocessing = 0;
			shellPath = /bin/sh;
			shellScript = "/usr/local/bin/carthage copy-frameworks\n";
		};
/* End PBXShellScriptBuildPhase section */

/* Begin PBXSourcesBuildPhase section */
		E9D042052300A9FE00382715 /* Sources */ = {
			isa = PBXSourcesBuildPhase;
			buildActionMask = 2147483647;
			files = (
				E9FC082D230115B800A1EE3D /* AboutViewController.swift in Sources */,
				E990B6F1230A38930010CF5D /* TextFileModel.swift in Sources */,
				E9D0420F2300A9FE00382715 /* ViewController.swift in Sources */,
				E98D58A82300BB4D003E964A /* WindowController.swift in Sources */,
				E9D0420D2300A9FE00382715 /* AppDelegate.swift in Sources */,
				E9F197BF230E1EDD00F81D74 /* PreferencesViewController.swift in Sources */,
				E94A91AA23106CC900BE978A /* Preferences.swift in Sources */,
				E9D042112300A9FE00382715 /* Document.swift in Sources */,
			);
			runOnlyForDeploymentPostprocessing = 0;
		};
/* End PBXSourcesBuildPhase section */

/* Begin PBXVariantGroup section */
		E9D042142300A9FE00382715 /* Main.storyboard */ = {
			isa = PBXVariantGroup;
			children = (
				E9D042152300A9FE00382715 /* Base */,
			);
			name = Main.storyboard;
			sourceTree = "<group>";
		};
/* End PBXVariantGroup section */

/* Begin XCBuildConfiguration section */
		E9D042192300A9FE00382715 /* Debug */ = {
			isa = XCBuildConfiguration;
			buildSettings = {
				ALWAYS_SEARCH_USER_PATHS = NO;
				CLANG_ANALYZER_NONNULL = YES;
				CLANG_ANALYZER_NUMBER_OBJECT_CONVERSION = YES_AGGRESSIVE;
				CLANG_CXX_LANGUAGE_STANDARD = "gnu++14";
				CLANG_CXX_LIBRARY = "libc++";
				CLANG_ENABLE_MODULES = YES;
				CLANG_ENABLE_OBJC_ARC = YES;
				CLANG_ENABLE_OBJC_WEAK = YES;
				CLANG_WARN_BLOCK_CAPTURE_AUTORELEASING = YES;
				CLANG_WARN_BOOL_CONVERSION = YES;
				CLANG_WARN_COMMA = YES;
				CLANG_WARN_CONSTANT_CONVERSION = YES;
				CLANG_WARN_DEPRECATED_OBJC_IMPLEMENTATIONS = YES;
				CLANG_WARN_DIRECT_OBJC_ISA_USAGE = YES_ERROR;
				CLANG_WARN_DOCUMENTATION_COMMENTS = YES;
				CLANG_WARN_EMPTY_BODY = YES;
				CLANG_WARN_ENUM_CONVERSION = YES;
				CLANG_WARN_INFINITE_RECURSION = YES;
				CLANG_WARN_INT_CONVERSION = YES;
				CLANG_WARN_NON_LITERAL_NULL_CONVERSION = YES;
				CLANG_WARN_OBJC_IMPLICIT_RETAIN_SELF = YES;
				CLANG_WARN_OBJC_LITERAL_CONVERSION = YES;
				CLANG_WARN_OBJC_ROOT_CLASS = YES_ERROR;
				CLANG_WARN_RANGE_LOOP_ANALYSIS = YES;
				CLANG_WARN_STRICT_PROTOTYPES = YES;
				CLANG_WARN_SUSPICIOUS_MOVE = YES;
				CLANG_WARN_UNGUARDED_AVAILABILITY = YES_AGGRESSIVE;
				CLANG_WARN_UNREACHABLE_CODE = YES;
				CLANG_WARN__DUPLICATE_METHOD_MATCH = YES;
				CODE_SIGN_IDENTITY = "-";
				COPY_PHASE_STRIP = NO;
				DEBUG_INFORMATION_FORMAT = dwarf;
				ENABLE_STRICT_OBJC_MSGSEND = YES;
				ENABLE_TESTABILITY = YES;
				GCC_C_LANGUAGE_STANDARD = gnu11;
				GCC_DYNAMIC_NO_PIC = NO;
				GCC_NO_COMMON_BLOCKS = YES;
				GCC_OPTIMIZATION_LEVEL = 0;
				GCC_PREPROCESSOR_DEFINITIONS = (
					"DEBUG=1",
					"$(inherited)",
				);
				GCC_WARN_64_TO_32_BIT_CONVERSION = YES;
				GCC_WARN_ABOUT_RETURN_TYPE = YES_ERROR;
				GCC_WARN_UNDECLARED_SELECTOR = YES;
				GCC_WARN_UNINITIALIZED_AUTOS = YES_AGGRESSIVE;
				GCC_WARN_UNUSED_FUNCTION = YES;
				GCC_WARN_UNUSED_VARIABLE = YES;
				MACOSX_DEPLOYMENT_TARGET = 10.14;
				MTL_ENABLE_DEBUG_INFO = INCLUDE_SOURCE;
				MTL_FAST_MATH = YES;
				ONLY_ACTIVE_ARCH = YES;
				SDKROOT = macosx;
				SWIFT_ACTIVE_COMPILATION_CONDITIONS = DEBUG;
				SWIFT_OPTIMIZATION_LEVEL = "-Onone";
			};
			name = Debug;
		};
		E9D0421A2300A9FE00382715 /* Release */ = {
			isa = XCBuildConfiguration;
			buildSettings = {
				ALWAYS_SEARCH_USER_PATHS = NO;
				CLANG_ANALYZER_NONNULL = YES;
				CLANG_ANALYZER_NUMBER_OBJECT_CONVERSION = YES_AGGRESSIVE;
				CLANG_CXX_LANGUAGE_STANDARD = "gnu++14";
				CLANG_CXX_LIBRARY = "libc++";
				CLANG_ENABLE_MODULES = YES;
				CLANG_ENABLE_OBJC_ARC = YES;
				CLANG_ENABLE_OBJC_WEAK = YES;
				CLANG_WARN_BLOCK_CAPTURE_AUTORELEASING = YES;
				CLANG_WARN_BOOL_CONVERSION = YES;
				CLANG_WARN_COMMA = YES;
				CLANG_WARN_CONSTANT_CONVERSION = YES;
				CLANG_WARN_DEPRECATED_OBJC_IMPLEMENTATIONS = YES;
				CLANG_WARN_DIRECT_OBJC_ISA_USAGE = YES_ERROR;
				CLANG_WARN_DOCUMENTATION_COMMENTS = YES;
				CLANG_WARN_EMPTY_BODY = YES;
				CLANG_WARN_ENUM_CONVERSION = YES;
				CLANG_WARN_INFINITE_RECURSION = YES;
				CLANG_WARN_INT_CONVERSION = YES;
				CLANG_WARN_NON_LITERAL_NULL_CONVERSION = YES;
				CLANG_WARN_OBJC_IMPLICIT_RETAIN_SELF = YES;
				CLANG_WARN_OBJC_LITERAL_CONVERSION = YES;
				CLANG_WARN_OBJC_ROOT_CLASS = YES_ERROR;
				CLANG_WARN_RANGE_LOOP_ANALYSIS = YES;
				CLANG_WARN_STRICT_PROTOTYPES = YES;
				CLANG_WARN_SUSPICIOUS_MOVE = YES;
				CLANG_WARN_UNGUARDED_AVAILABILITY = YES_AGGRESSIVE;
				CLANG_WARN_UNREACHABLE_CODE = YES;
				CLANG_WARN__DUPLICATE_METHOD_MATCH = YES;
				CODE_SIGN_IDENTITY = "-";
				COPY_PHASE_STRIP = NO;
				DEBUG_INFORMATION_FORMAT = "dwarf-with-dsym";
				ENABLE_NS_ASSERTIONS = NO;
				ENABLE_STRICT_OBJC_MSGSEND = YES;
				GCC_C_LANGUAGE_STANDARD = gnu11;
				GCC_NO_COMMON_BLOCKS = YES;
				GCC_WARN_64_TO_32_BIT_CONVERSION = YES;
				GCC_WARN_ABOUT_RETURN_TYPE = YES_ERROR;
				GCC_WARN_UNDECLARED_SELECTOR = YES;
				GCC_WARN_UNINITIALIZED_AUTOS = YES_AGGRESSIVE;
				GCC_WARN_UNUSED_FUNCTION = YES;
				GCC_WARN_UNUSED_VARIABLE = YES;
				MACOSX_DEPLOYMENT_TARGET = 10.14;
				MTL_ENABLE_DEBUG_INFO = NO;
				MTL_FAST_MATH = YES;
				SDKROOT = macosx;
				SWIFT_COMPILATION_MODE = wholemodule;
				SWIFT_OPTIMIZATION_LEVEL = "-O";
			};
			name = Release;
		};
		E9D0421C2300A9FE00382715 /* Debug */ = {
			isa = XCBuildConfiguration;
			buildSettings = {
				ASSETCATALOG_COMPILER_APPICON_NAME = AppIcon;
				CODE_SIGN_ENTITLEMENTS = Moped/Moped.entitlements;
				CODE_SIGN_IDENTITY = "-";
				CODE_SIGN_STYLE = Automatic;
				COMBINE_HIDPI_IMAGES = YES;
				CURRENT_PROJECT_VERSION = 9;
				DEVELOPMENT_TEAM = "";
				FRAMEWORK_SEARCH_PATHS = (
					"$(inherited)",
					"$(PROJECT_DIR)/Carthage/Build/Mac",
				);
				INFOPLIST_FILE = "$(SRCROOT)/Moped/Info.plist";
				LD_RUNPATH_SEARCH_PATHS = (
					"$(inherited)",
					"@executable_path/../Frameworks",
				);
				MARKETING_VERSION = 1.6;
				PRODUCT_BUNDLE_IDENTIFIER = net.machorro.roberto.Moped;
				PRODUCT_NAME = "$(TARGET_NAME)";
				SWIFT_VERSION = 5.0;
			};
			name = Debug;
		};
		E9D0421D2300A9FE00382715 /* Release */ = {
			isa = XCBuildConfiguration;
			buildSettings = {
				ASSETCATALOG_COMPILER_APPICON_NAME = AppIcon;
				CODE_SIGN_ENTITLEMENTS = Moped/Moped.entitlements;
				CODE_SIGN_IDENTITY = "-";
				CODE_SIGN_STYLE = Automatic;
				COMBINE_HIDPI_IMAGES = YES;
				CURRENT_PROJECT_VERSION = 9;
				DEVELOPMENT_TEAM = "";
				FRAMEWORK_SEARCH_PATHS = (
					"$(inherited)",
					"$(PROJECT_DIR)/Carthage/Build/Mac",
				);
				INFOPLIST_FILE = "$(SRCROOT)/Moped/Info.plist";
				LD_RUNPATH_SEARCH_PATHS = (
					"$(inherited)",
					"@executable_path/../Frameworks",
				);
				MARKETING_VERSION = 1.6;
				PRODUCT_BUNDLE_IDENTIFIER = net.machorro.roberto.Moped;
				PRODUCT_NAME = "$(TARGET_NAME)";
				SWIFT_VERSION = 5.0;
			};
			name = Release;
		};
/* End XCBuildConfiguration section */

/* Begin XCConfigurationList section */
		E9D042042300A9FE00382715 /* Build configuration list for PBXProject "Moped" */ = {
			isa = XCConfigurationList;
			buildConfigurations = (
				E9D042192300A9FE00382715 /* Debug */,
				E9D0421A2300A9FE00382715 /* Release */,
			);
			defaultConfigurationIsVisible = 0;
			defaultConfigurationName = Release;
		};
		E9D0421B2300A9FE00382715 /* Build configuration list for PBXNativeTarget "Moped" */ = {
			isa = XCConfigurationList;
			buildConfigurations = (
				E9D0421C2300A9FE00382715 /* Debug */,
				E9D0421D2300A9FE00382715 /* Release */,
			);
			defaultConfigurationIsVisible = 0;
			defaultConfigurationName = Release;
		};
/* End XCConfigurationList section */
	};
	rootObject = E9D042012300A9FE00382715 /* Project object */;
}
