// !$*UTF8*$!
{
	archiveVersion = 1;
	classes = {
	};
	objectVersion = 54;
	objects = {

/* Begin PBXBuildFile section */
		945CB17FD57F4E4FA048CB3B /* LineNumberRulerView.swift in Sources */ = {isa = PBXBuildFile; fileRef = 929BF73D46C04ACC85756375 /* LineNumberRulerView.swift */; };
		A1B2C3D4E500000000000010 /* EditorState.swift in Sources */ = {isa = PBXBuildFile; fileRef = A1B2C3D4E500000000000110 /* EditorState.swift */; };
		A1B2C3D4E500000000000011 /* TextEditorRepresentable.swift in Sources */ = {isa = PBXBuildFile; fileRef = A1B2C3D4E500000000000111 /* TextEditorRepresentable.swift */; };
		A1B2C3D4E500000000000012 /* EditorView.swift in Sources */ = {isa = PBXBuildFile; fileRef = A1B2C3D4E500000000000112 /* EditorView.swift */; };
		A1B2C3D4E500000000000013 /* PreferencesView.swift in Sources */ = {isa = PBXBuildFile; fileRef = A1B2C3D4E500000000000113 /* PreferencesView.swift */; };
		A1B2C3D4E500000000000014 /* AboutView.swift in Sources */ = {isa = PBXBuildFile; fileRef = A1B2C3D4E500000000000114 /* AboutView.swift */; };
		A1B2C3D4E500000000000016 /* WaitManager.swift in Sources */ = {isa = PBXBuildFile; fileRef = A1B2C3D4E500000000000116 /* WaitManager.swift */; };
		A1B2C3D4E500000000000017 /* AppActions.swift in Sources */ = {isa = PBXBuildFile; fileRef = A1B2C3D4E500000000000117 /* AppActions.swift */; };
		A1B2C3D4E500000000000120 /* MopedApp.swift in Sources */ = {isa = PBXBuildFile; fileRef = A1B2C3D4E500000000000220 /* MopedApp.swift */; };
		A1B2C3D4E500000000000121 /* MopedDocument.swift in Sources */ = {isa = PBXBuildFile; fileRef = A1B2C3D4E500000000000221 /* MopedDocument.swift */; };
		A1B2C3D4E500000000000122 /* MopedCommands.swift in Sources */ = {isa = PBXBuildFile; fileRef = A1B2C3D4E500000000000222 /* MopedCommands.swift */; };
		A1B2C3D4E500000000000123 /* FocusedValues+Moped.swift in Sources */ = {isa = PBXBuildFile; fileRef = A1B2C3D4E500000000000223 /* FocusedValues+Moped.swift */; };
		E943144E25C0D9E500C4B0F8 /* Highlightr in Frameworks */ = {isa = PBXBuildFile; productRef = E943144D25C0D9E500C4B0F8 /* Highlightr */; };
		E94A91AA23106CC900BE978A /* Preferences.swift in Sources */ = {isa = PBXBuildFile; fileRef = E94A91A923106CC900BE978A /* Preferences.swift */; };
		E990B6F1230A38930010CF5D /* TextFileModel.swift in Sources */ = {isa = PBXBuildFile; fileRef = E990B6F0230A38930010CF5D /* TextFileModel.swift */; };
		E990B6F3230CC09B0010CF5D /* LanguagesUTI.plist in Resources */ = {isa = PBXBuildFile; fileRef = E990B6F2230CC09B0010CF5D /* LanguagesUTI.plist */; };
		E9CA82F62F4BC04B00AC54D7 /* HighlightrCatalog.swift in Sources */ = {isa = PBXBuildFile; fileRef = E9CA82F52F4BBAC000AC54D7 /* HighlightrCatalog.swift */; };
		E9D0420D2300A9FE00382715 /* AppDelegate.swift in Sources */ = {isa = PBXBuildFile; fileRef = E9D0420C2300A9FE00382715 /* AppDelegate.swift */; };
		E9D042132300A9FE00382715 /* Assets.xcassets in Resources */ = {isa = PBXBuildFile; fileRef = E9D042122300A9FE00382715 /* Assets.xcassets */; };
/* End PBXBuildFile section */

/* Begin PBXFileReference section */
		929BF73D46C04ACC85756375 /* LineNumberRulerView.swift */ = {isa = PBXFileReference; lastKnownFileType = sourcecode.swift; path = LineNumberRulerView.swift; sourceTree = "<group>"; };
		A1B2C3D4E500000000000110 /* EditorState.swift */ = {isa = PBXFileReference; lastKnownFileType = sourcecode.swift; path = EditorState.swift; sourceTree = "<group>"; };
		A1B2C3D4E500000000000111 /* TextEditorRepresentable.swift */ = {isa = PBXFileReference; lastKnownFileType = sourcecode.swift; path = TextEditorRepresentable.swift; sourceTree = "<group>"; };
		A1B2C3D4E500000000000112 /* EditorView.swift */ = {isa = PBXFileReference; lastKnownFileType = sourcecode.swift; path = EditorView.swift; sourceTree = "<group>"; };
		A1B2C3D4E500000000000113 /* PreferencesView.swift */ = {isa = PBXFileReference; lastKnownFileType = sourcecode.swift; path = PreferencesView.swift; sourceTree = "<group>"; };
		A1B2C3D4E500000000000114 /* AboutView.swift */ = {isa = PBXFileReference; lastKnownFileType = sourcecode.swift; path = AboutView.swift; sourceTree = "<group>"; };
		A1B2C3D4E500000000000116 /* WaitManager.swift */ = {isa = PBXFileReference; lastKnownFileType = sourcecode.swift; path = WaitManager.swift; sourceTree = "<group>"; };
		A1B2C3D4E500000000000117 /* AppActions.swift */ = {isa = PBXFileReference; lastKnownFileType = sourcecode.swift; path = AppActions.swift; sourceTree = "<group>"; };
		A1B2C3D4E500000000000220 /* MopedApp.swift */ = {isa = PBXFileReference; lastKnownFileType = sourcecode.swift; path = MopedApp.swift; sourceTree = "<group>"; };
		A1B2C3D4E500000000000221 /* MopedDocument.swift */ = {isa = PBXFileReference; lastKnownFileType = sourcecode.swift; path = MopedDocument.swift; sourceTree = "<group>"; };
		A1B2C3D4E500000000000222 /* MopedCommands.swift */ = {isa = PBXFileReference; lastKnownFileType = sourcecode.swift; path = MopedCommands.swift; sourceTree = "<group>"; };
		A1B2C3D4E500000000000223 /* FocusedValues+Moped.swift */ = {isa = PBXFileReference; lastKnownFileType = sourcecode.swift; path = "FocusedValues+Moped.swift"; sourceTree = "<group>"; };
		E94A91A923106CC900BE978A /* Preferences.swift */ = {isa = PBXFileReference; lastKnownFileType = sourcecode.swift; path = Preferences.swift; sourceTree = "<group>"; };
		E990B6F0230A38930010CF5D /* TextFileModel.swift */ = {isa = PBXFileReference; lastKnownFileType = sourcecode.swift; path = TextFileModel.swift; sourceTree = "<group>"; };
		E990B6F2230CC09B0010CF5D /* LanguagesUTI.plist */ = {isa = PBXFileReference; lastKnownFileType = text.plist.xml; path = LanguagesUTI.plist; sourceTree = "<group>"; };
		E9CA82F52F4BBAC000AC54D7 /* HighlightrCatalog.swift */ = {isa = PBXFileReference; lastKnownFileType = sourcecode.swift; path = HighlightrCatalog.swift; sourceTree = "<group>"; };
		E9D042092300A9FE00382715 /* Moped.app */ = {isa = PBXFileReference; explicitFileType = wrapper.application; includeInIndex = 0; path = Moped.app; sourceTree = BUILT_PRODUCTS_DIR; };
		E9D0420C2300A9FE00382715 /* AppDelegate.swift */ = {isa = PBXFileReference; lastKnownFileType = sourcecode.swift; path = AppDelegate.swift; sourceTree = "<group>"; };
		E9D042122300A9FE00382715 /* Assets.xcassets */ = {isa = PBXFileReference; lastKnownFileType = folder.assetcatalog; path = Assets.xcassets; sourceTree = "<group>"; };
		E9D042172300A9FE00382715 /* Info.plist */ = {isa = PBXFileReference; lastKnownFileType = text.plist.xml; path = Info.plist; sourceTree = "<group>"; };
		E9D042182300A9FE00382715 /* Moped.entitlements */ = {isa = PBXFileReference; lastKnownFileType = text.plist.entitlements; path = Moped.entitlements; sourceTree = "<group>"; };
		F0A1B2C3D4E5000000000001 /* main.swift */ = {isa = PBXFileReference; lastKnownFileType = sourcecode.swift; path = main.swift; sourceTree = "<group>"; };
/* End PBXFileReference section */

/* Begin PBXFrameworksBuildPhase section */
		E9D042062300A9FE00382715 /* Frameworks */ = {
			isa = PBXFrameworksBuildPhase;
			buildActionMask = 2147483647;
			files = (
				E943144E25C0D9E500C4B0F8 /* Highlightr in Frameworks */,
			);
			runOnlyForDeploymentPostprocessing = 0;
		};
/* End PBXFrameworksBuildPhase section */

/* Begin PBXGroup section */
		E9D042002300A9FE00382715 = {
			isa = PBXGroup;
			children = (
				E9D0420B2300A9FE00382715 /* Moped */,
				F0A1B2C3D4E5000000000003 /* MopedCLI */,
				E9D0420A2300A9FE00382715 /* Products */,
			);
			sourceTree = "<group>";
		};
		E9D0420A2300A9FE00382715 /* Products */ = {
			isa = PBXGroup;
			children = (
				E9D042092300A9FE00382715 /* Moped.app */,
			);
			name = Products;
			sourceTree = "<group>";
		};
		E9D0420B2300A9FE00382715 /* Moped */ = {
			isa = PBXGroup;
			children = (
				E9D0420C2300A9FE00382715 /* AppDelegate.swift */,
				A1B2C3D4E500000000000117 /* AppActions.swift */,
				A1B2C3D4E500000000000220 /* MopedApp.swift */,
				A1B2C3D4E500000000000221 /* MopedDocument.swift */,
				A1B2C3D4E500000000000222 /* MopedCommands.swift */,
				A1B2C3D4E500000000000223 /* FocusedValues+Moped.swift */,
				E9CA82F52F4BBAC000AC54D7 /* HighlightrCatalog.swift */,
				A1B2C3D4E500000000000114 /* AboutView.swift */,
				A1B2C3D4E500000000000112 /* EditorView.swift */,
				A1B2C3D4E500000000000110 /* EditorState.swift */,
				A1B2C3D4E500000000000111 /* TextEditorRepresentable.swift */,
				929BF73D46C04ACC85756375 /* LineNumberRulerView.swift */,
				A1B2C3D4E500000000000116 /* WaitManager.swift */,
				E990B6F0230A38930010CF5D /* TextFileModel.swift */,
				A1B2C3D4E500000000000113 /* PreferencesView.swift */,
				E94A91A923106CC900BE978A /* Preferences.swift */,
				E9D042122300A9FE00382715 /* Assets.xcassets */,
				E9D042172300A9FE00382715 /* Info.plist */,
				E990B6F2230CC09B0010CF5D /* LanguagesUTI.plist */,
				E9D042182300A9FE00382715 /* Moped.entitlements */,
			);
			path = Moped;
			sourceTree = "<group>";
		};
		F0A1B2C3D4E5000000000003 /* MopedCLI */ = {
			isa = PBXGroup;
			children = (
				F0A1B2C3D4E5000000000001 /* main.swift */,
			);
			path = MopedCLI;
			sourceTree = "<group>";
		};
/* End PBXGroup section */

/* Begin PBXNativeTarget section */
		E9D042082300A9FE00382715 /* Moped */ = {
			isa = PBXNativeTarget;
			buildConfigurationList = E9D0421B2300A9FE00382715 /* Build configuration list for PBXNativeTarget "Moped" */;
			buildPhases = (
				E9D042052300A9FE00382715 /* Sources */,
				F0A1B2C3D4E5000000000020 /* Build moped CLI */,
				E9D042062300A9FE00382715 /* Frameworks */,
				E9D042072300A9FE00382715 /* Resources */,
			);
			buildRules = (
			);
			dependencies = (
			);
			name = Moped;
			packageProductDependencies = (
				E943144D25C0D9E500C4B0F8 /* Highlightr */,
			);
			productName = Moped;
			productReference = E9D042092300A9FE00382715 /* Moped.app */;
			productType = "com.apple.product-type.application";
		};
/* End PBXNativeTarget section */

/* Begin PBXProject section */
		E9D042012300A9FE00382715 /* Project object */ = {
			isa = PBXProject;
			attributes = {
				BuildIndependentTargetsInParallel = YES;
				LastSwiftUpdateCheck = 2620;
				LastUpgradeCheck = 2620;
				ORGANIZATIONNAME = "Roberto Machorro";
				TargetAttributes = {
					E9D042082300A9FE00382715 = {
						CreatedOnToolsVersion = 10.3;
						SystemCapabilities = {
							com.apple.Sandbox = {
								enabled = 1;
							};
						};
					};
				};
			};
			buildConfigurationList = E9D042042300A9FE00382715 /* Build configuration list for PBXProject "Moped" */;
			compatibilityVersion = "Xcode 9.3";
			developmentRegion = en;
			hasScannedForEncodings = 0;
			knownRegions = (
				en,
				Base,
			);
			mainGroup = E9D042002300A9FE00382715;
			packageReferences = (
				E943144C25C0D9E500C4B0F8 /* XCRemoteSwiftPackageReference "Highlightr" */,
			);
			productRefGroup = E9D0420A2300A9FE00382715 /* Products */;
			projectDirPath = "";
			projectRoot = "";
			targets = (
				E9D042082300A9FE00382715 /* Moped */,
			);
		};
/* End PBXProject section */

/* Begin PBXResourcesBuildPhase section */
		E9D042072300A9FE00382715 /* Resources */ = {
			isa = PBXResourcesBuildPhase;
			buildActionMask = 2147483647;
			files = (
				E990B6F3230CC09B0010CF5D /* LanguagesUTI.plist in Resources */,
				E9D042132300A9FE00382715 /* Assets.xcassets in Resources */,
			);
			runOnlyForDeploymentPostprocessing = 0;
		};
/* End PBXResourcesBuildPhase section */

/* Begin PBXShellScriptBuildPhase section */
		F0A1B2C3D4E5000000000020 /* Build moped CLI */ = {
			isa = PBXShellScriptBuildPhase;
			buildActionMask = 2147483647;
			files = (
			);
			inputPaths = (
				"$(SRCROOT)/MopedCLI/main.swift",
			);
			name = "Build moped CLI";
			outputPaths = (
				"$(TARGET_BUILD_DIR)/$(CONTENTS_FOLDER_PATH)/Resources/moped",
			);
			runOnlyForDeploymentPostprocessing = 0;
			shellPath = /bin/sh;
			shellScript = "set -e\nCLI_SRC=\"${SRCROOT}/MopedCLI/main.swift\"\nOUT_DIR=\"${TARGET_BUILD_DIR}/${CONTENTS_FOLDER_PATH}/Resources\"\nCLI_OUT=\"${OUT_DIR}/moped\"\nTMP_DIR=\"${TARGET_BUILD_DIR}/moped-cli\"\nmkdir -p \"$OUT_DIR\" \"$TMP_DIR\"\nARCH_COUNT=0\nBINARIES=\"\"\nfor ARCH in $ARCHS; do\n\tBIN_PATH=\"${TMP_DIR}/moped-${ARCH}\"\n\t/usr/bin/xcrun --sdk macosx swiftc -O -swift-version 5 -target \"${ARCH}-apple-macos${MACOSX_DEPLOYMENT_TARGET}\" -framework AppKit -o \"$BIN_PATH\" \"$CLI_SRC\"\n\tBINARIES=\"${BINARIES} ${BIN_PATH}\"\n\tARCH_COUNT=$((ARCH_COUNT + 1))\ndone\nif [ \"$ARCH_COUNT\" -gt 1 ]; then\n\t/usr/bin/lipo -create -output \"$CLI_OUT\" $BINARIES\nelse\n\t/bin/cp \"$BIN_PATH\" \"$CLI_OUT\"\nfi\n";
		};
/* End PBXShellScriptBuildPhase section */

/* Begin PBXSourcesBuildPhase section */
		E9D042052300A9FE00382715 /* Sources */ = {
			isa = PBXSourcesBuildPhase;
			buildActionMask = 2147483647;
			files = (
				A1B2C3D4E500000000000014 /* AboutView.swift in Sources */,
				A1B2C3D4E500000000000012 /* EditorView.swift in Sources */,
				A1B2C3D4E500000000000010 /* EditorState.swift in Sources */,
				A1B2C3D4E500000000000011 /* TextEditorRepresentable.swift in Sources */,
				A1B2C3D4E500000000000013 /* PreferencesView.swift in Sources */,
				A1B2C3D4E500000000000016 /* WaitManager.swift in Sources */,
				A1B2C3D4E500000000000017 /* AppActions.swift in Sources */,
				E9CA82F62F4BC04B00AC54D7 /* HighlightrCatalog.swift in Sources */,
				A1B2C3D4E500000000000120 /* MopedApp.swift in Sources */,
				A1B2C3D4E500000000000121 /* MopedDocument.swift in Sources */,
				A1B2C3D4E500000000000122 /* MopedCommands.swift in Sources */,
				A1B2C3D4E500000000000123 /* FocusedValues+Moped.swift in Sources */,
				E990B6F1230A38930010CF5D /* TextFileModel.swift in Sources */,
				945CB17FD57F4E4FA048CB3B /* LineNumberRulerView.swift in Sources */,
				E9D0420D2300A9FE00382715 /* AppDelegate.swift in Sources */,
				E94A91AA23106CC900BE978A /* Preferences.swift in Sources */,
			);
			runOnlyForDeploymentPostprocessing = 0;
		};
/* End PBXSourcesBuildPhase section */

/* Begin XCBuildConfiguration section */
		E9D042192300A9FE00382715 /* Debug */ = {
			isa = XCBuildConfiguration;
			buildSettings = {
				ALWAYS_SEARCH_USER_PATHS = NO;
				ASSETCATALOG_COMPILER_GENERATE_SWIFT_ASSET_SYMBOLS = NO;
				ASSETCATALOG_COMPILER_GENERATE_SWIFT_ASSET_SYMBOL_EXTENSIONS = NO;
				CLANG_ANALYZER_NONNULL = YES;
				CLANG_ANALYZER_NUMBER_OBJECT_CONVERSION = YES_AGGRESSIVE;
				CLANG_CXX_LANGUAGE_STANDARD = "gnu++14";
				CLANG_CXX_LIBRARY = "libc++";
				CLANG_ENABLE_MODULES = YES;
				CLANG_ENABLE_OBJC_ARC = YES;
				CLANG_ENABLE_OBJC_WEAK = YES;
				CLANG_WARN_BLOCK_CAPTURE_AUTORELEASING = YES;
				CLANG_WARN_BOOL_CONVERSION = YES;
				CLANG_WARN_COMMA = YES;
				CLANG_WARN_CONSTANT_CONVERSION = YES;
				CLANG_WARN_DEPRECATED_OBJC_IMPLEMENTATIONS = YES;
				CLANG_WARN_DIRECT_OBJC_ISA_USAGE = YES_ERROR;
				CLANG_WARN_DOCUMENTATION_COMMENTS = YES;
				CLANG_WARN_EMPTY_BODY = YES;
				CLANG_WARN_ENUM_CONVERSION = YES;
				CLANG_WARN_INFINITE_RECURSION = YES;
				CLANG_WARN_INT_CONVERSION = YES;
				CLANG_WARN_NON_LITERAL_NULL_CONVERSION = YES;
				CLANG_WARN_OBJC_IMPLICIT_RETAIN_SELF = YES;
				CLANG_WARN_OBJC_LITERAL_CONVERSION = YES;
				CLANG_WARN_OBJC_ROOT_CLASS = YES_ERROR;
				CLANG_WARN_QUOTED_INCLUDE_IN_FRAMEWORK_HEADER = YES;
				CLANG_WARN_RANGE_LOOP_ANALYSIS = YES;
				CLANG_WARN_STRICT_PROTOTYPES = YES;
				CLANG_WARN_SUSPICIOUS_MOVE = YES;
				CLANG_WARN_UNGUARDED_AVAILABILITY = YES_AGGRESSIVE;
				CLANG_WARN_UNREACHABLE_CODE = YES;
				CLANG_WARN__DUPLICATE_METHOD_MATCH = YES;
				CODE_SIGN_IDENTITY = "-";
				COPY_PHASE_STRIP = NO;
				DEAD_CODE_STRIPPING = YES;
				DEBUG_INFORMATION_FORMAT = dwarf;
				ENABLE_STRICT_OBJC_MSGSEND = YES;
				ENABLE_TESTABILITY = YES;
				ENABLE_USER_SCRIPT_SANDBOXING = YES;
				GCC_C_LANGUAGE_STANDARD = gnu11;
				GCC_DYNAMIC_NO_PIC = NO;
				GCC_NO_COMMON_BLOCKS = YES;
				GCC_OPTIMIZATION_LEVEL = 0;
				GCC_PREPROCESSOR_DEFINITIONS = (
					"DEBUG=1",
					"$(inherited)",
				);
				GCC_WARN_64_TO_32_BIT_CONVERSION = YES;
				GCC_WARN_ABOUT_RETURN_TYPE = YES_ERROR;
				GCC_WARN_UNDECLARED_SELECTOR = YES;
				GCC_WARN_UNINITIALIZED_AUTOS = YES_AGGRESSIVE;
				GCC_WARN_UNUSED_FUNCTION = YES;
				GCC_WARN_UNUSED_VARIABLE = YES;
				MACOSX_DEPLOYMENT_TARGET = 26.1;
				MTL_ENABLE_DEBUG_INFO = INCLUDE_SOURCE;
				MTL_FAST_MATH = YES;
				ONLY_ACTIVE_ARCH = YES;
				SDKROOT = macosx;
				STRING_CATALOG_GENERATE_SYMBOLS = YES;
				SWIFT_ACTIVE_COMPILATION_CONDITIONS = DEBUG;
				SWIFT_INCLUDE_ALL_SOURCES = NO;
				SWIFT_OPTIMIZATION_LEVEL = "-Onone";
			};
			name = Debug;
		};
		E9D0421A2300A9FE00382715 /* Release */ = {
			isa = XCBuildConfiguration;
			buildSettings = {
				ALWAYS_SEARCH_USER_PATHS = NO;
				ASSETCATALOG_COMPILER_GENERATE_SWIFT_ASSET_SYMBOLS = NO;
				ASSETCATALOG_COMPILER_GENERATE_SWIFT_ASSET_SYMBOL_EXTENSIONS = NO;
				CLANG_ANALYZER_NONNULL = YES;
				CLANG_ANALYZER_NUMBER_OBJECT_CONVERSION = YES_AGGRESSIVE;
				CLANG_CXX_LANGUAGE_STANDARD = "gnu++14";
				CLANG_CXX_LIBRARY = "libc++";
				CLANG_ENABLE_MODULES = YES;
				CLANG_ENABLE_OBJC_ARC = YES;
				CLANG_ENABLE_OBJC_WEAK = YES;
				CLANG_WARN_BLOCK_CAPTURE_AUTORELEASING = YES;
				CLANG_WARN_BOOL_CONVERSION = YES;
				CLANG_WARN_COMMA = YES;
				CLANG_WARN_CONSTANT_CONVERSION = YES;
				CLANG_WARN_DEPRECATED_OBJC_IMPLEMENTATIONS = YES;
				CLANG_WARN_DIRECT_OBJC_ISA_USAGE = YES_ERROR;
				CLANG_WARN_DOCUMENTATION_COMMENTS = YES;
				CLANG_WARN_EMPTY_BODY = YES;
				CLANG_WARN_ENUM_CONVERSION = YES;
				CLANG_WARN_INFINITE_RECURSION = YES;
				CLANG_WARN_INT_CONVERSION = YES;
				CLANG_WARN_NON_LITERAL_NULL_CONVERSION = YES;
				CLANG_WARN_OBJC_IMPLICIT_RETAIN_SELF = YES;
				CLANG_WARN_OBJC_LITERAL_CONVERSION = YES;
				CLANG_WARN_OBJC_ROOT_CLASS = YES_ERROR;
				CLANG_WARN_QUOTED_INCLUDE_IN_FRAMEWORK_HEADER = YES;
				CLANG_WARN_RANGE_LOOP_ANALYSIS = YES;
				CLANG_WARN_STRICT_PROTOTYPES = YES;
				CLANG_WARN_SUSPICIOUS_MOVE = YES;
				CLANG_WARN_UNGUARDED_AVAILABILITY = YES_AGGRESSIVE;
				CLANG_WARN_UNREACHABLE_CODE = YES;
				CLANG_WARN__DUPLICATE_METHOD_MATCH = YES;
				CODE_SIGN_IDENTITY = "-";
				COPY_PHASE_STRIP = NO;
				DEAD_CODE_STRIPPING = YES;
				DEBUG_INFORMATION_FORMAT = "dwarf-with-dsym";
				ENABLE_NS_ASSERTIONS = NO;
				ENABLE_STRICT_OBJC_MSGSEND = YES;
				ENABLE_USER_SCRIPT_SANDBOXING = YES;
				GCC_C_LANGUAGE_STANDARD = gnu11;
				GCC_NO_COMMON_BLOCKS = YES;
				GCC_WARN_64_TO_32_BIT_CONVERSION = YES;
				GCC_WARN_ABOUT_RETURN_TYPE = YES_ERROR;
				GCC_WARN_UNDECLARED_SELECTOR = YES;
				GCC_WARN_UNINITIALIZED_AUTOS = YES_AGGRESSIVE;
				GCC_WARN_UNUSED_FUNCTION = YES;
				GCC_WARN_UNUSED_VARIABLE = YES;
				MACOSX_DEPLOYMENT_TARGET = 26.1;
				MTL_ENABLE_DEBUG_INFO = NO;
				MTL_FAST_MATH = YES;
				SDKROOT = macosx;
				STRING_CATALOG_GENERATE_SYMBOLS = YES;
				SWIFT_COMPILATION_MODE = wholemodule;
				SWIFT_INCLUDE_ALL_SOURCES = NO;
				SWIFT_OPTIMIZATION_LEVEL = "-O";
			};
			name = Release;
		};
		E9D0421C2300A9FE00382715 /* Debug */ = {
			isa = XCBuildConfiguration;
			buildSettings = {
				ASSETCATALOG_COMPILER_ALTERNATE_APPICON_NAMES = "AppIconDefault AppIconPink AppIconBlack AppIconRed AppIconRainbow AppIconBeige";
				ASSETCATALOG_COMPILER_APPICON_NAME = AppIcon;
				ASSETCATALOG_COMPILER_GENERATE_SWIFT_ASSET_SYMBOLS = NO;
				ASSETCATALOG_COMPILER_GENERATE_SWIFT_ASSET_SYMBOL_EXTENSIONS = NO;
				CODE_SIGN_ENTITLEMENTS = Moped/Moped.entitlements;
				CODE_SIGN_IDENTITY = "-";
				"CODE_SIGN_IDENTITY[sdk=macosx*]" = "-";
				CODE_SIGN_STYLE = Automatic;
				COMBINE_HIDPI_IMAGES = YES;
				CURRENT_PROJECT_VERSION = 25;
				DEAD_CODE_STRIPPING = YES;
				DEVELOPMENT_TEAM = "";
				ENABLE_HARDENED_RUNTIME = YES;
				ENABLE_USER_SCRIPT_SANDBOXING = NO;
				FRAMEWORK_SEARCH_PATHS = "$(inherited)";
				INFOPLIST_FILE = "$(SRCROOT)/Moped/Info.plist";
				INFOPLIST_KEY_CFBundleDisplayName = Moped;
				INFOPLIST_KEY_LSApplicationCategoryType = "public.app-category.utilities";
				LD_RUNPATH_SEARCH_PATHS = (
					"$(inherited)",
					"@executable_path/../Frameworks",
				);
				MARKETING_VERSION = 2.0;
				PRODUCT_BUNDLE_IDENTIFIER = net.machorro.roberto.Moped;
				PRODUCT_NAME = "$(TARGET_NAME)";
				SWIFT_VERSION = 5.0;
			};
			name = Debug;
		};
		E9D0421D2300A9FE00382715 /* Release */ = {
			isa = XCBuildConfiguration;
			buildSettings = {
				ASSETCATALOG_COMPILER_ALTERNATE_APPICON_NAMES = "AppIconDefault AppIconPink AppIconBlack AppIconRed AppIconRainbow AppIconBeige";
				ASSETCATALOG_COMPILER_APPICON_NAME = AppIcon;
				ASSETCATALOG_COMPILER_GENERATE_SWIFT_ASSET_SYMBOLS = NO;
				ASSETCATALOG_COMPILER_GENERATE_SWIFT_ASSET_SYMBOL_EXTENSIONS = NO;
				CODE_SIGN_ENTITLEMENTS = Moped/Moped.entitlements;
				CODE_SIGN_IDENTITY = "-";
				"CODE_SIGN_IDENTITY[sdk=macosx*]" = "-";
				CODE_SIGN_STYLE = Automatic;
				COMBINE_HIDPI_IMAGES = YES;
				CURRENT_PROJECT_VERSION = 25;
				DEAD_CODE_STRIPPING = YES;
				DEVELOPMENT_TEAM = "";
				ENABLE_HARDENED_RUNTIME = YES;
				ENABLE_USER_SCRIPT_SANDBOXING = NO;
				FRAMEWORK_SEARCH_PATHS = "$(inherited)";
				INFOPLIST_FILE = "$(SRCROOT)/Moped/Info.plist";
				INFOPLIST_KEY_CFBundleDisplayName = Moped;
				INFOPLIST_KEY_LSApplicationCategoryType = "public.app-category.utilities";
				LD_RUNPATH_SEARCH_PATHS = (
					"$(inherited)",
					"@executable_path/../Frameworks",
				);
				MARKETING_VERSION = 2.0;
				PRODUCT_BUNDLE_IDENTIFIER = net.machorro.roberto.Moped;
				PRODUCT_NAME = "$(TARGET_NAME)";
				SWIFT_VERSION = 5.0;
			};
			name = Release;
		};
/* End XCBuildConfiguration section */

/* Begin XCConfigurationList section */
		E9D042042300A9FE00382715 /* Build configuration list for PBXProject "Moped" */ = {
			isa = XCConfigurationList;
			buildConfigurations = (
				E9D042192300A9FE00382715 /* Debug */,
				E9D0421A2300A9FE00382715 /* Release */,
			);
			defaultConfigurationIsVisible = 0;
			defaultConfigurationName = Release;
		};
		E9D0421B2300A9FE00382715 /* Build configuration list for PBXNativeTarget "Moped" */ = {
			isa = XCConfigurationList;
			buildConfigurations = (
				E9D0421C2300A9FE00382715 /* Debug */,
				E9D0421D2300A9FE00382715 /* Release */,
			);
			defaultConfigurationIsVisible = 0;
			defaultConfigurationName = Release;
		};
/* End XCConfigurationList section */

/* Begin XCRemoteSwiftPackageReference section */
		E943144C25C0D9E500C4B0F8 /* XCRemoteSwiftPackageReference "Highlightr" */ = {
			isa = XCRemoteSwiftPackageReference;
			repositoryURL = "https://github.com/RobertoMachorro/Highlightr";
			requirement = {
				branch = master;
				kind = branch;
			};
		};
/* End XCRemoteSwiftPackageReference section */

/* Begin XCSwiftPackageProductDependency section */
		E943144D25C0D9E500C4B0F8 /* Highlightr */ = {
			isa = XCSwiftPackageProductDependency;
			package = E943144C25C0D9E500C4B0F8 /* XCRemoteSwiftPackageReference "Highlightr" */;
			productName = Highlightr;
		};
/* End XCSwiftPackageProductDependency section */
	};
	rootObject = E9D042012300A9FE00382715 /* Project object */;
}
